kubernetes/manifests/apps/pihole-admin.enc.yaml	40d2cf2e016a83d4ba5f708afb73b7b79a716078343d0059d58bb558607d928d
kubernetes/manifests/apps/prowlarr-custom-definition.enc.yaml	64da89e43faa3fcfdb96767b30308f7f870a178830429eb43c43b47bbab237a9
kubernetes/manifests/monitoring/grafana-admin.enc.yaml	d6a7a37e65a0a72ad76e78ccc0c21490c4ae4f0f2a97a1704ba16bf6c442d6ce
kubernetes/manifests/storage/cephfs-smb-export-secret.enc.yaml	02b77f853ae4c00c535b35fbe09398a63d2e9ff835d265c72e3973a78b87c7f0
kubernetes/manifests/system/cloudflare-api-token.enc.yaml	a79257f6a39a6e1872a22aa64289e65982aa6249e34f5528a3623878efc4f053
