kubernetes/manifests/apps/linkwarden-secrets.enc.yaml	e94ad3804c9c48ae24d5895aa388525b24b08fa301b8cfe7bde6f7ed3fdc04ff
kubernetes/manifests/apps/blocky-config.enc.yaml	31c1049542b629c11af9d85be9a4b3af61c8343999e8db899bdf7e4803393682
kubernetes/manifests/apps/postgresql-auth.enc.yaml	09628fd585c9b53da8c6aaa0bb70316ab8f2598e5fde2d619a1c143bafb01db1
kubernetes/manifests/apps/qbittorrent-config.enc.yaml	e96895a81655efd9f470d704cf7e42a82cc6389164b8ff09d9ea1bc1496a1799
kubernetes/manifests/apps/redis-auth.enc.yaml	1eb211e2e35a70cd777a08f059c0d3bad390b91468034ab68650498020de3f70
kubernetes/manifests/apps/glance-config.enc.yaml	a9ddec268bbbbba3e3d4683744ab66e93bf82181d459738dcb2595d6efaddea6
kubernetes/manifests/apps/prowlarr-custom-definition.enc.yaml	64da89e43faa3fcfdb96767b30308f7f870a178830429eb43c43b47bbab237a9
kubernetes/manifests/apps/cephfs-user-secret.enc.yaml	09ddd524699bd24932bfa95fdc88bc804d39039c75cbf72e1a43e9050df8996c
kubernetes/manifests/apps/n8n-enc.enc.yaml	bae0c3f0d269f3e726100a1a31822c3cff34e548ce1a9ed03ad33a6d35232f0d
kubernetes/manifests/apps/ntfy-secrets.enc.yaml	4800402a720a99229f841fd58375a979d6c8238be436af23f78974d3d76c7992
kubernetes/manifests/apps/openrouter-secrets.enc.yaml	ffb17c125b0849682ed593f46428920ea5ddfadf5540aae9840e18d2836ba56f
kubernetes/manifests/apps/gluetun-vpn-credentials.enc.yaml	796cfb6bcdc59d331b55472453eb94337a855c79eede3094d2a041b38e03f839
kubernetes/manifests/apps/open-webui-secrets.enc.yaml	cf27a8c8e9bd9993da0543157f389b8fa10d031601d934d7a3403ad8ae1da4c6
kubernetes/manifests/apps/rabbitmq-auth.enc.yaml	3a1e76454d0b37476a4e87f505d5dfdff0f42ba4a3c39edad725b90a2953063b
kubernetes/manifests/apps/s3-credentials.enc.yaml	e677d81545b9e60925c163767d405482a17b03e3fd0537e2a859c654f89ca13f
kubernetes/manifests/apps/searxng-config.enc.yaml	3ba899b13cb2a465f8a0bc51f78fceb817fbcd4c1e7c6909a62bdde9d378c4a4
kubernetes/manifests/apps/immich-config.enc.yaml	111a84ea63425ace4817c13383e13167a79e3ae691f527c62ef4681053a596c0
kubernetes/manifests/monitoring/grafana-admin.enc.yaml	e13fa7235c1a918ea393deaa2bf445e259f5533466f37750720cad358b4bc6d0
kubernetes/manifests/storage/cephfs-smb-export-secret.enc.yaml	ed3285fe4758762b1be854e3c1a81d3299cd9c1ceefbe4a230cf571e8d558172
kubernetes/manifests/system/cloudflare-api-token.enc.yaml	a79257f6a39a6e1872a22aa64289e65982aa6249e34f5528a3623878efc4f053
