.k8s/apps/blocky-config.enc.yaml	7bc0eba80fada9f75e47d65b72f706ec39d08cdb0d11f2773ea870a1ee7f420e
.k8s/apps/cephfs-user-secret.enc.yaml	09ddd524699bd24932bfa95fdc88bc804d39039c75cbf72e1a43e9050df8996c
.k8s/apps/ghcr-registry-secret.enc.yaml	d024bb7e5882c5dc522068b38200f24d11d35a74b997f51e8efa36b49946618b
.k8s/apps/glance-config.enc.yaml	c32ced053d914342f6624764168b4e803c84b9b886de73fb73c8195a2e37bbe4
.k8s/apps/gluetun-vpn-credentials.enc.yaml	4c8710d6cf6d766cb4bebee7ff4b5b66d0e2cb9d6c013093d83e0af6caa2029d
.k8s/apps/imgproxy-config.enc.yaml	72d5d2c781b2db7ea577b56fde44a93555100b4180ce2abcfff9231fa1ac4aee
.k8s/apps/immich-config.enc.yaml	87bb936c4234f356a95e5206ba5d04de1888b11abbf1e096512131497ef770ff
.k8s/apps/keycloak-config.enc.yaml	59d910eabe291ca221997f9c39ad7cf1e72261a3f8772564fecd45cca71ad800
.k8s/apps/linkwarden-secrets.enc.yaml	80041be53bd73a147b6a72d7c07eef41ac887a5fa38c468e31d799b9d8840b1e
.k8s/apps/matrix-config.enc.yaml	5908e7eb7ec175fabad15a81a291b8072385f04daf1a186b8e6730809faf221b
.k8s/apps/mau-registry-secret.enc.yaml	84a78545a81609678f3ee134afa4489bea70396bee64011fc553b9d3abcd51f6
.k8s/apps/n8n-enc.enc.yaml	bae0c3f0d269f3e726100a1a31822c3cff34e548ce1a9ed03ad33a6d35232f0d
.k8s/apps/ntfy-secrets.enc.yaml	4800402a720a99229f841fd58375a979d6c8238be436af23f78974d3d76c7992
.k8s/apps/open-webui-secrets.enc.yaml	1a3e73b1cec7701c39a3730402dc79eb45fbb4c9b192855225b6e1d461b96f2e
.k8s/apps/openclaw-config.enc.yaml	ad13c30a4fdb9298f368039a81126d173329b72f89373d09a7610ecd9108423e
.k8s/apps/openrouter-secrets.enc.yaml	07b6efdbd0ba8ab80386e0a7c32f3b122e5d88a87d17b421909dedfaa738d7d5
.k8s/apps/postgres-backup-s3-credentials.enc.yaml	9eb378ccda0e290641c5cc7408e3ed92653d6dae531bf0891bf60be966fafe6f
.k8s/apps/postgresql-auth.enc.yaml	0b15ce4d0e9eeea8945bfbd2a3ff4ee534826edfad8758a93516fa3b038db022
.k8s/apps/protonmail-bridge-config.enc.yaml	38d3653b664dcb1b3ff3c30fd1ab758486b6ade596de4214c1b1bfb27c37c6fe
.k8s/apps/prowlarr-custom-definition.enc.yaml	64da89e43faa3fcfdb96767b30308f7f870a178830429eb43c43b47bbab237a9
.k8s/apps/qbittorrent-config.enc.yaml	e96895a81655efd9f470d704cf7e42a82cc6389164b8ff09d9ea1bc1496a1799
.k8s/apps/rabbitmq-auth.enc.yaml	3a1e76454d0b37476a4e87f505d5dfdff0f42ba4a3c39edad725b90a2953063b
.k8s/apps/redis-auth.enc.yaml	1eb211e2e35a70cd777a08f059c0d3bad390b91468034ab68650498020de3f70
.k8s/apps/rgw-mirror-s3-credentials.enc.yaml	977ae90bd5a0408d9a294b2ad6dd52d28a86ff46efe6fe6c3ba15e391b069653
.k8s/apps/s3-credentials.enc.yaml	e677d81545b9e60925c163767d405482a17b03e3fd0537e2a859c654f89ca13f
.k8s/apps/searxng-config.enc.yaml	e49c75af2097d6199864e90fdcf10d85b4fbf747f498970816145590d9c3ebf8
.k8s/apps/sftpgo-config.enc.yaml	05bef8024f64cbb65ae8600487fe0d1641af0d731e47c02e5c3e70f0970df01c
.k8s/apps/valoris-config.enc.yaml	601a60bac06a3938782079a66c3d4e5cfecc6f8eeb5d19d89fd4948387f5736f
.k8s/apps/velero-config.enc.yaml	921e75dfa43759af12f83ed453b1a0da7a2251e7393f39dd12592c85536280e2
.k8s/monitoring/grafana-admin.enc.yaml	e13fa7235c1a918ea393deaa2bf445e259f5533466f37750720cad358b4bc6d0
.k8s/storage/cephfs-smb-export-secret.enc.yaml	ed3285fe4758762b1be854e3c1a81d3299cd9c1ceefbe4a230cf571e8d558172
.k8s/system/cloudflare-api-token.enc.yaml	a79257f6a39a6e1872a22aa64289e65982aa6249e34f5528a3623878efc4f053
__secrets_checksum__	d122505b92b3027a204bffe07aef927535c2ee56679b56455dc79d08d1a729d0
